
Microsoft Visual Studio Solution File, Format Version 12.00
# Visual Studio Version 17
VisualStudioVersion = 17.9.34616.47
MinimumVisualStudioVersion = 10.0.40219.1
Project("{8BC9CEB8-8B4A-11D0-8D11-00A0C91BC942}") = "AutoPtT", "AutoPtT\AutoPtT.vcxproj", "{BC430923-7EF0-4F25-A52E-4452806A0C38}"
EndProject
Global
	GlobalSection(SolutionConfigurationPlatforms) = preSolution
		Debug|x64 = Debug|x64
		Debug|x86 = Debug|x86
		Release|x64 = Release|x64
		Release|x86 = Release|x86
	EndGlobalSection
	GlobalSection(ProjectConfigurationPlatforms) = postSolution
		{BC430923-7EF0-4F25-A52E-4452806A0C38}.Debug|x64.ActiveCfg = Debug|x64
		{BC430923-7EF0-4F25-A52E-4452806A0C38}.Debug|x64.Build.0 = Debug|x64
		{BC430923-7EF0-4F25-A52E-4452806A0C38}.Debug|x86.ActiveCfg = Debug|Win32
		{BC430923-7EF0-4F25-A52E-4452806A0C38}.Debug|x86.Build.0 = Debug|Win32
		{BC430923-7EF0-4F25-A52E-4452806A0C38}.Release|x64.ActiveCfg = Release|x64
		{BC430923-7EF0-4F25-A52E-4452806A0C38}.Release|x64.Build.0 = Release|x64
		{BC430923-7EF0-4F25-A52E-4452806A0C38}.Release|x86.ActiveCfg = Release|Win32
		{BC430923-7EF0-4F25-A52E-4452806A0C38}.Release|x86.Build.0 = Release|Win32
	EndGlobalSection
	GlobalSection(SolutionProperties) = preSolution
		HideSolutionNode = FALSE
	EndGlobalSection
	GlobalSection(ExtensibilityGlobals) = postSolution
		SolutionGuid = {EAE33947-3991-454E-9421-4BD391EF8105}
	EndGlobalSection
EndGlobal
